
Microsoft Visual Studio Solution File, Format Version 12.00
# Visual Studio Version 16
VisualStudioVersion = 16.0.30907.101
MinimumVisualStudioVersion = 10.0.40219.1
Project("{FAE04EC0-301F-11D3-BF4B-00C04F79EFBC}") = "OfficeTime", "OfficeTime\OfficeTime.csproj", "{AED358B9-3D35-41BF-A6FC-8C5115B500D3}"
EndProject
Project("{FAE04EC0-301F-11D3-BF4B-00C04F79EFBC}") = "OfficeTime.Tests", "OfficeTime.Tests\OfficeTime.Tests.csproj", "{9650EEE2-4878-4557-96E1-372D81FBA50A}"
EndProject
Project("{FAE04EC0-301F-11D3-BF4B-00C04F79EFBC}") = "OfficeTime.MvxStarter.Core", "OfficeTime.Core\OfficeTime.MvxStarter.Core.csproj", "{77C8DEDD-2DAC-44A9-8EBD-DB6A4E046FAB}"
EndProject
Global
	GlobalSection(SolutionConfigurationPlatforms) = preSolution
		Debug|Any CPU = Debug|Any CPU
		Release|Any CPU = Release|Any CPU
	EndGlobalSection
	GlobalSection(ProjectConfigurationPlatforms) = postSolution
		{AED358B9-3D35-41BF-A6FC-8C5115B500D3}.Debug|Any CPU.ActiveCfg = Debug|Any CPU
		{AED358B9-3D35-41BF-A6FC-8C5115B500D3}.Debug|Any CPU.Build.0 = Debug|Any CPU
		{AED358B9-3D35-41BF-A6FC-8C5115B500D3}.Release|Any CPU.ActiveCfg = Release|Any CPU
		{AED358B9-3D35-41BF-A6FC-8C5115B500D3}.Release|Any CPU.Build.0 = Release|Any CPU
		{9650EEE2-4878-4557-96E1-372D81FBA50A}.Debug|Any CPU.ActiveCfg = Debug|Any CPU
		{9650EEE2-4878-4557-96E1-372D81FBA50A}.Debug|Any CPU.Build.0 = Debug|Any CPU
		{9650EEE2-4878-4557-96E1-372D81FBA50A}.Release|Any CPU.ActiveCfg = Release|Any CPU
		{9650EEE2-4878-4557-96E1-372D81FBA50A}.Release|Any CPU.Build.0 = Release|Any CPU
		{77C8DEDD-2DAC-44A9-8EBD-DB6A4E046FAB}.Debug|Any CPU.ActiveCfg = Debug|Any CPU
		{77C8DEDD-2DAC-44A9-8EBD-DB6A4E046FAB}.Debug|Any CPU.Build.0 = Debug|Any CPU
		{77C8DEDD-2DAC-44A9-8EBD-DB6A4E046FAB}.Release|Any CPU.ActiveCfg = Release|Any CPU
		{77C8DEDD-2DAC-44A9-8EBD-DB6A4E046FAB}.Release|Any CPU.Build.0 = Release|Any CPU
	EndGlobalSection
	GlobalSection(SolutionProperties) = preSolution
		HideSolutionNode = FALSE
	EndGlobalSection
	GlobalSection(ExtensibilityGlobals) = postSolution
		SolutionGuid = {C26AF7DA-82D1-438A-A5D6-BA34C4260F2E}
	EndGlobalSection
EndGlobal
